
Microsoft Visual Studio Solution File, Format Version 12.00
# Visual Studio 15
VisualStudioVersion = 15.0.27130.2036
MinimumVisualStudioVersion = 10.0.40219.1
Project("{9A19103F-16F7-4668-BE54-9A1E7A4F7556}") = "MiningHub.Core", "MiningHub.Core\MiningHub.Core.csproj", "{25927101-44B3-42E0-9779-8E4D9A84035E}"
EndProject
Global
	GlobalSection(SolutionConfigurationPlatforms) = preSolution
		Debug|Any CPU = Debug|Any CPU
		Debug|x64 = Debug|x64
		Release|Any CPU = Release|Any CPU
		Release|x64 = Release|x64
	EndGlobalSection
	GlobalSection(ProjectConfigurationPlatforms) = postSolution
		{25927101-44B3-42E0-9779-8E4D9A84035E}.Debug|Any CPU.ActiveCfg = Debug|Any CPU
		{25927101-44B3-42E0-9779-8E4D9A84035E}.Debug|Any CPU.Build.0 = Debug|Any CPU
		{25927101-44B3-42E0-9779-8E4D9A84035E}.Debug|x64.ActiveCfg = Debug|x64
		{25927101-44B3-42E0-9779-8E4D9A84035E}.Debug|x64.Build.0 = Debug|x64
		{25927101-44B3-42E0-9779-8E4D9A84035E}.Release|Any CPU.ActiveCfg = Release|Any CPU
		{25927101-44B3-42E0-9779-8E4D9A84035E}.Release|Any CPU.Build.0 = Release|Any CPU
		{25927101-44B3-42E0-9779-8E4D9A84035E}.Release|x64.ActiveCfg = Release|x64
		{25927101-44B3-42E0-9779-8E4D9A84035E}.Release|x64.Build.0 = Release|x64
	EndGlobalSection
	GlobalSection(SolutionProperties) = preSolution
		HideSolutionNode = FALSE
	EndGlobalSection
	GlobalSection(ExtensibilityGlobals) = postSolution
		SolutionGuid = {B23C1982-AA54-4324-95DC-D7396BAD6186}
	EndGlobalSection
EndGlobal
